
Microsoft Visual Studio Solution File, Format Version 12.00
# Visual Studio Version 17
VisualStudioVersion = 17.2.32602.215
MinimumVisualStudioVersion = 10.0.40219.1
Project("{FAE04EC0-301F-11D3-BF4B-00C04F79EFBC}") = "WebApplication1", "WebApplication1\WebApplication1.csproj", "{27D9F99A-AAEA-4E27-9387-BA32EAC44FE6}"
EndProject
Global
	GlobalSection(SolutionConfigurationPlatforms) = preSolution
		Debug|Any CPU = Debug|Any CPU
		Release|Any CPU = Release|Any CPU
	EndGlobalSection
	GlobalSection(ProjectConfigurationPlatforms) = postSolution
		{27D9F99A-AAEA-4E27-9387-BA32EAC44FE6}.Debug|Any CPU.ActiveCfg = Debug|Any CPU
		{27D9F99A-AAEA-4E27-9387-BA32EAC44FE6}.Debug|Any CPU.Build.0 = Debug|Any CPU
		{27D9F99A-AAEA-4E27-9387-BA32EAC44FE6}.Release|Any CPU.ActiveCfg = Release|Any CPU
		{27D9F99A-AAEA-4E27-9387-BA32EAC44FE6}.Release|Any CPU.Build.0 = Release|Any CPU
	EndGlobalSection
	GlobalSection(SolutionProperties) = preSolution
		HideSolutionNode = FALSE
	EndGlobalSection
	GlobalSection(ExtensibilityGlobals) = postSolution
		SolutionGuid = {9CC6B72E-AB73-40ED-BCC3-21C3C415A1A5}
	EndGlobalSection
EndGlobal
